{
  "nodes": {
    "mangoszero-server": {
      "flake": false,
      "locked": {
        "lastModified": 1783285705,
        "narHash": "sha256-HZJ3JXFpyPijlQJw8J7/XKyX+HsXvCXEdr5JIaCV02s=",
        "ref": "refs/heads/master",
        "rev": "266496d61e09fea5b2d4cfae332f8b9214a425ea",
        "revCount": 1811,
        "submodules": true,
        "type": "git",
        "url": "https://github.com/mangoszero/server.git"
      },
      "original": {
        "submodules": true,
        "type": "git",
        "url": "https://github.com/mangoszero/server.git"
      }
    },
    "mysql2sqlite-src": {
      "flake": false,
      "locked": {
        "lastModified": 1696255316,
        "narHash": "sha256-apMySGpjV7fPoN2uvP7DeOkN8NStq2QDSLlQgbuLlfE=",
        "owner": "vdechef",
        "repo": "mysql2sqlite",
        "rev": "8fc7a69c5c6588c132b2ea3fb38a02a946b28dec",
        "type": "github"
      },
      "original": {
        "owner": "vdechef",
        "repo": "mysql2sqlite",
        "type": "github"
      }
    },
    "namigator-src": {
      "flake": false,
      "locked": {
        "lastModified": 1783385597,
        "narHash": "sha256-6Uh6dlSDs1+i5vp1hEQ3a8df/THi8VWG1tn6K+cyL9w=",
        "ref": "refs/heads/master",
        "rev": "fd2718f00ae7437403f886b97263dac5cda9c4c6",
        "revCount": 537,
        "submodules": true,
        "type": "git",
        "url": "https://github.com/pikdum/namigator.git"
      },
      "original": {
        "submodules": true,
        "type": "git",
        "url": "https://github.com/pikdum/namigator.git"
      }
    },
    "nixpkgs": {
      "locked": {
        "lastModified": 1783776592,
        "narHash": "sha256-UgCQzxeWI75XM8G+hPrPh+MKzEPjG3SpAj7dtqSbksA=",
        "owner": "NixOS",
        "repo": "nixpkgs",
        "rev": "e7a3ca8092b61ff85b6a45bf863ea2b2d6a661b3",
        "type": "github"
      },
      "original": {
        "owner": "NixOS",
        "ref": "nixos-unstable",
        "repo": "nixpkgs",
        "type": "github"
      }
    },
    "root": {
      "inputs": {
        "mangoszero-server": "mangoszero-server",
        "mysql2sqlite-src": "mysql2sqlite-src",
        "namigator-src": "namigator-src",
        "nixpkgs": "nixpkgs",
        "wow-dbc-src": "wow-dbc-src"
      }
    },
    "wow-dbc-src": {
      "flake": false,
      "locked": {
        "lastModified": 1781143876,
        "narHash": "sha256-jffvXwMDpI0KND9Xeut8uP4jdL+xFbgpqDOWj9RKluM=",
        "owner": "pikdum",
        "repo": "wow_dbc",
        "rev": "a070443c8809ab67ae7175dcea102f0aba808815",
        "type": "github"
      },
      "original": {
        "owner": "pikdum",
        "repo": "wow_dbc",
        "type": "github"
      }
    }
  },
  "root": "root",
  "version": 7
}
