{
  "nodes": {
    "mangoszero-server": {
      "flake": false,
      "locked": {
        "lastModified": 1778828263,
        "narHash": "sha256-F52uWIlGqMi3RJIdNkWH0nZYm6nsyE9i42rhmX0g5yE=",
        "ref": "refs/heads/master",
        "rev": "1df821fad9a12fc742c5e70549273e653b379a60",
        "revCount": 1489,
        "submodules": true,
        "type": "git",
        "url": "https://github.com/mangoszero/server.git"
      },
      "original": {
        "submodules": true,
        "type": "git",
        "url": "https://github.com/mangoszero/server.git"
      }
    },
    "mysql2sqlite-src": {
      "flake": false,
      "locked": {
        "lastModified": 1696255316,
        "narHash": "sha256-apMySGpjV7fPoN2uvP7DeOkN8NStq2QDSLlQgbuLlfE=",
        "owner": "vdechef",
        "repo": "mysql2sqlite",
        "rev": "8fc7a69c5c6588c132b2ea3fb38a02a946b28dec",
        "type": "github"
      },
      "original": {
        "owner": "vdechef",
        "repo": "mysql2sqlite",
        "type": "github"
      }
    },
    "namigator-src": {
      "flake": false,
      "locked": {
        "lastModified": 1721956523,
        "narHash": "sha256-qdml7AMzSVoTYA2eESbU/CaUpQNVNWGulHcRWwpCz4I=",
        "ref": "refs/heads/master",
        "rev": "54eae6957753c3ca47b73402df9f8d1d52a2721e",
        "revCount": 519,
        "submodules": true,
        "type": "git",
        "url": "https://github.com/pikdum/namigator.git"
      },
      "original": {
        "submodules": true,
        "type": "git",
        "url": "https://github.com/pikdum/namigator.git"
      }
    },
    "nixpkgs": {
      "locked": {
        "lastModified": 1778443072,
        "narHash": "sha256-zi7/fsqM/kFdNuED//4WOCUtezGtKKqRNORjMvfwjnA=",
        "owner": "NixOS",
        "repo": "nixpkgs",
        "rev": "da5ad661ba4e5ef59ba743f0d112cbc30e474f32",
        "type": "github"
      },
      "original": {
        "owner": "NixOS",
        "ref": "nixos-unstable",
        "repo": "nixpkgs",
        "type": "github"
      }
    },
    "root": {
      "inputs": {
        "mangoszero-server": "mangoszero-server",
        "mysql2sqlite-src": "mysql2sqlite-src",
        "namigator-src": "namigator-src",
        "nixpkgs": "nixpkgs",
        "wow-dbc-src": "wow-dbc-src"
      }
    },
    "wow-dbc-src": {
      "flake": false,
      "locked": {
        "lastModified": 1781143876,
        "narHash": "sha256-jffvXwMDpI0KND9Xeut8uP4jdL+xFbgpqDOWj9RKluM=",
        "owner": "pikdum",
        "repo": "wow_dbc",
        "rev": "a070443c8809ab67ae7175dcea102f0aba808815",
        "type": "github"
      },
      "original": {
        "owner": "pikdum",
        "repo": "wow_dbc",
        "type": "github"
      }
    }
  },
  "root": "root",
  "version": 7
}
