{
  "name": "assets",
  "lockfileVersion": 3,
  "requires": true,
  "packages": {
    "": {
      "dependencies": {
        "ol": "10.8.0"
      }
    },
    "node_modules/@petamoriken/float16": {
      "version": "3.8.7",
      "resolved": "https://registry.npmjs.org/@petamoriken/float16/-/float16-3.8.7.tgz",
      "integrity": "sha512-/Ri4xDDpe12NT6Ex/DRgHzLlobiQXEW/hmG08w1wj/YU7hLemk97c+zHQFp0iZQ9r7YqgLEXZR2sls4HxBf9NA==",
      "license": "MIT"
    },
    "node_modules/@types/rbush": {
      "version": "4.0.0",
      "resolved": "https://registry.npmjs.org/@types/rbush/-/rbush-4.0.0.tgz",
      "integrity": "sha512-+N+2H39P8X+Hy1I5mC6awlTX54k3FhiUmvt7HWzGJZvF+syUAAxP/stwppS8JE84YHqFgRMv6fCy31202CMFxQ==",
      "license": "MIT"
    },
    "node_modules/@zarrita/storage": {
      "version": "0.1.4",
      "resolved": "https://registry.npmjs.org/@zarrita/storage/-/storage-0.1.4.tgz",
      "integrity": "sha512-qURfJAQcQGRfDQ4J9HaCjGaj3jlJKc66bnRk6G/IeLUsM7WKyG7Bzsuf1EZurSXyc0I4LVcu6HaeQQ4d3kZ16g==",
      "license": "MIT",
      "dependencies": {
        "reference-spec-reader": "^0.2.0",
        "unzipit": "1.4.3"
      }
    },
    "node_modules/earcut": {
      "version": "3.0.0",
      "resolved": "https://registry.npmjs.org/earcut/-/earcut-3.0.0.tgz",
      "integrity": "sha512-41Fs7Q/PLq1SDbqjsgcY7GA42T0jvaCNGXgGtsNdvg+Yv8eIu06bxv4/PoREkZ9nMDNwnUSG9OFB9+yv8eKhDg==",
      "license": "ISC"
    },
    "node_modules/fflate": {
      "version": "0.8.2",
      "resolved": "https://registry.npmjs.org/fflate/-/fflate-0.8.2.tgz",
      "integrity": "sha512-cPJU47OaAoCbg0pBvzsgpTPhmhqI5eJjh/JIu8tPj5q+T7iLvW/JAYUqmE7KOB4R1ZyEhzBaIQpQpardBF5z8A==",
      "license": "MIT"
    },
    "node_modules/geotiff": {
      "version": "3.0.2",
      "resolved": "https://registry.npmjs.org/geotiff/-/geotiff-3.0.2.tgz",
      "integrity": "sha512-KZ+0YK8gW9HWitovPhfHvkyd1gsyXtY9oOrS/OSX+12M8ojAm+NJ6Vl3tUjp7ZMcPO7e7pJoqpWoMdzO0rF8IQ==",
      "license": "MIT",
      "dependencies": {
        "@petamoriken/float16": "^3.4.7",
        "lerc": "^3.0.0",
        "pako": "^2.0.4",
        "parse-headers": "^2.0.2",
        "quick-lru": "^6.1.1",
        "web-worker": "^1.5.0",
        "xml-utils": "^1.10.2",
        "zstddec": "^0.2.0"
      },
      "engines": {
        "node": ">=10.19"
      }
    },
    "node_modules/lerc": {
      "version": "3.0.0",
      "resolved": "https://registry.npmjs.org/lerc/-/lerc-3.0.0.tgz",
      "integrity": "sha512-Rm4J/WaHhRa93nCN2mwWDZFoRVF18G1f47C+kvQWyHGEZxFpTUi73p7lMVSAndyxGt6lJ2/CFbOcf9ra5p8aww==",
      "license": "Apache-2.0"
    },
    "node_modules/numcodecs": {
      "version": "0.3.2",
      "resolved": "https://registry.npmjs.org/numcodecs/-/numcodecs-0.3.2.tgz",
      "integrity": "sha512-6YSPnmZgg0P87jnNhi3s+FVLOcIn3y+1CTIgUulA3IdASzK9fJM87sUFkpyA+be9GibGRaST2wCgkD+6U+fWKw==",
      "license": "MIT",
      "dependencies": {
        "fflate": "^0.8.0"
      }
    },
    "node_modules/ol": {
      "version": "10.8.0",
      "resolved": "https://registry.npmjs.org/ol/-/ol-10.8.0.tgz",
      "integrity": "sha512-kLk7jIlJvKyhVMAjORTXKjzlM6YIByZ1H/d0DBx3oq8nSPCG6/gbLr5RxukzPgwbhnAqh+xHNCmrvmFKhVMvoQ==",
      "license": "BSD-2-Clause",
      "dependencies": {
        "@types/rbush": "4.0.0",
        "earcut": "^3.0.0",
        "geotiff": "^3.0.2",
        "pbf": "4.0.1",
        "rbush": "^4.0.0",
        "zarrita": "^0.6.0"
      },
      "funding": {
        "type": "opencollective",
        "url": "https://opencollective.com/openlayers"
      }
    },
    "node_modules/pako": {
      "version": "2.1.0",
      "resolved": "https://registry.npmjs.org/pako/-/pako-2.1.0.tgz",
      "integrity": "sha512-w+eufiZ1WuJYgPXbV/PO3NCMEc3xqylkKHzp8bxp1uW4qaSNQUkwmLLEc3kKsfz8lpV1F8Ht3U1Cm+9Srog2ug==",
      "license": "(MIT AND Zlib)"
    },
    "node_modules/parse-headers": {
      "version": "2.0.5",
      "resolved": "https://registry.npmjs.org/parse-headers/-/parse-headers-2.0.5.tgz",
      "integrity": "sha512-ft3iAoLOB/MlwbNXgzy43SWGP6sQki2jQvAyBg/zDFAgr9bfNWZIUj42Kw2eJIl8kEi4PbgE6U1Zau/HwI75HA==",
      "license": "MIT"
    },
    "node_modules/pbf": {
      "version": "4.0.1",
      "resolved": "https://registry.npmjs.org/pbf/-/pbf-4.0.1.tgz",
      "integrity": "sha512-SuLdBvS42z33m8ejRbInMapQe8n0D3vN/Xd5fmWM3tufNgRQFBpaW2YVJxQZV4iPNqb0vEFvssMEo5w9c6BTIA==",
      "license": "BSD-3-Clause",
      "dependencies": {
        "resolve-protobuf-schema": "^2.1.0"
      },
      "bin": {
        "pbf": "bin/pbf"
      }
    },
    "node_modules/protocol-buffers-schema": {
      "version": "3.6.0",
      "resolved": "https://registry.npmjs.org/protocol-buffers-schema/-/protocol-buffers-schema-3.6.0.tgz",
      "integrity": "sha512-TdDRD+/QNdrCGCE7v8340QyuXd4kIWIgapsE2+n/SaGiSSbomYl4TjHlvIoCWRpE7wFt02EpB35VVA2ImcBVqw==",
      "license": "MIT"
    },
    "node_modules/quick-lru": {
      "version": "6.1.2",
      "resolved": "https://registry.npmjs.org/quick-lru/-/quick-lru-6.1.2.tgz",
      "integrity": "sha512-AAFUA5O1d83pIHEhJwWCq/RQcRukCkn/NSm2QsTEMle5f2hP0ChI2+3Xb051PZCkLryI/Ir1MVKviT2FIloaTQ==",
      "license": "MIT",
      "engines": {
        "node": ">=12"
      },
      "funding": {
        "url": "https://github.com/sponsors/sindresorhus"
      }
    },
    "node_modules/quickselect": {
      "version": "3.0.0",
      "resolved": "https://registry.npmjs.org/quickselect/-/quickselect-3.0.0.tgz",
      "integrity": "sha512-XdjUArbK4Bm5fLLvlm5KpTFOiOThgfWWI4axAZDWg4E/0mKdZyI9tNEfds27qCi1ze/vwTR16kvmmGhRra3c2g==",
      "license": "ISC"
    },
    "node_modules/rbush": {
      "version": "4.0.1",
      "resolved": "https://registry.npmjs.org/rbush/-/rbush-4.0.1.tgz",
      "integrity": "sha512-IP0UpfeWQujYC8Jg162rMNc01Rf0gWMMAb2Uxus/Q0qOFw4lCcq6ZnQEZwUoJqWyUGJ9th7JjwI4yIWo+uvoAQ==",
      "license": "MIT",
      "dependencies": {
        "quickselect": "^3.0.0"
      }
    },
    "node_modules/reference-spec-reader": {
      "version": "0.2.0",
      "resolved": "https://registry.npmjs.org/reference-spec-reader/-/reference-spec-reader-0.2.0.tgz",
      "integrity": "sha512-q0mfCi5yZSSHXpCyxjgQeaORq3tvDsxDyzaadA/5+AbAUwRyRuuTh0aRQuE/vAOt/qzzxidJ5iDeu1cLHaNBlQ==",
      "license": "MIT"
    },
    "node_modules/resolve-protobuf-schema": {
      "version": "2.1.0",
      "resolved": "https://registry.npmjs.org/resolve-protobuf-schema/-/resolve-protobuf-schema-2.1.0.tgz",
      "integrity": "sha512-kI5ffTiZWmJaS/huM8wZfEMer1eRd7oJQhDuxeCLe3t7N7mX3z94CN0xPxBQxFYQTSNz9T0i+v6inKqSdK8xrQ==",
      "license": "MIT",
      "dependencies": {
        "protocol-buffers-schema": "^3.3.1"
      }
    },
    "node_modules/unzipit": {
      "version": "1.4.3",
      "resolved": "https://registry.npmjs.org/unzipit/-/unzipit-1.4.3.tgz",
      "integrity": "sha512-gsq2PdJIWWGhx5kcdWStvNWit9FVdTewm4SEG7gFskWs+XCVaULt9+BwuoBtJiRE8eo3L1IPAOrbByNLtLtIlg==",
      "license": "MIT",
      "dependencies": {
        "uzip-module": "^1.0.2"
      },
      "engines": {
        "node": ">=12"
      }
    },
    "node_modules/uzip-module": {
      "version": "1.0.3",
      "resolved": "https://registry.npmjs.org/uzip-module/-/uzip-module-1.0.3.tgz",
      "integrity": "sha512-AMqwWZaknLM77G+VPYNZLEruMGWGzyigPK3/Whg99B3S6vGHuqsyl5ZrOv1UUF3paGK1U6PM0cnayioaryg/fA==",
      "license": "MIT"
    },
    "node_modules/web-worker": {
      "version": "1.5.0",
      "resolved": "https://registry.npmjs.org/web-worker/-/web-worker-1.5.0.tgz",
      "integrity": "sha512-RiMReJrTAiA+mBjGONMnjVDP2u3p9R1vkcGz6gDIrOMT3oGuYwX2WRMYI9ipkphSuE5XKEhydbhNEJh4NY9mlw==",
      "license": "Apache-2.0"
    },
    "node_modules/xml-utils": {
      "version": "1.10.2",
      "resolved": "https://registry.npmjs.org/xml-utils/-/xml-utils-1.10.2.tgz",
      "integrity": "sha512-RqM+2o1RYs6T8+3DzDSoTRAUfrvaejbVHcp3+thnAtDKo8LskR+HomLajEy5UjTz24rpka7AxVBRR3g2wTUkJA==",
      "license": "CC0-1.0"
    },
    "node_modules/zarrita": {
      "version": "0.6.1",
      "resolved": "https://registry.npmjs.org/zarrita/-/zarrita-0.6.1.tgz",
      "integrity": "sha512-YOMTW8FT55Rz+vadTIZeOFZ/F2h4svKizyldvPtMYSxPgSNcRkOzkxCsWpIWlWzB1I/LmISmi0bEekOhLlI+Zw==",
      "license": "MIT",
      "dependencies": {
        "@zarrita/storage": "^0.1.4",
        "numcodecs": "^0.3.2"
      }
    },
    "node_modules/zstddec": {
      "version": "0.2.0",
      "resolved": "https://registry.npmjs.org/zstddec/-/zstddec-0.2.0.tgz",
      "integrity": "sha512-oyPnDa1X5c13+Y7mA/FDMNJrn4S8UNBe0KCqtDmor40Re7ALrPN6npFwyYVRRh+PqozZQdeg23QtbcamZnG5rA==",
      "license": "MIT AND BSD-3-Clause"
    }
  }
}
